# This file was autogenerated by Stack.
# You should not edit this file by hand.
# For more information, please see the documentation at:
#   https://docs.haskellstack.org/en/stable/lock_files

packages:
- completed:
    hackage: QuickCheck-2.12.6.1@sha256:ce974f511174fbc3102bccb13d6d45781d327194f0311790b9f8db6a7cb1bab3,6336
    pantry-tree:
      size: 2046
      sha256: 1b9bf780a91762f07a63698d656234de0b68f5c8de760cc90153c01888730eb5
  original:
    hackage: QuickCheck-2.12.6.1
- completed:
    hackage: splitmix-0.0.5@sha256:4a49661be63f5aea0e132e9ab51be918789bb4dceb4ab9b15b85ba9cbbef5999,5412
    pantry-tree:
      size: 1148
      sha256: b41d4f60cfabab8b02840906191013ee06fe2357371103a471c7cc55eda9e462
  original:
    hackage: splitmix-0.0.5
snapshots:
- completed:
    size: 498180
    url: https://raw.githubusercontent.com/commercialhaskell/stackage-snapshots/master/lts/13/21.yaml
    sha256: eff2de19a6d4691ccbf6edc1fba858f1918683047dce0f09adede874bbd2a8f3
  original: lts-13.21
